
Microsoft Visual Studio Solution File, Format Version 12.00
# Visual Studio Version 17
VisualStudioVersion = 17.4.33205.214
MinimumVisualStudioVersion = 10.0.40219.1
Project("{FAE04EC0-301F-11D3-BF4B-00C04F79EFBC}") = "PrinterWindows", "PrinterWindows\PrinterWindows.csproj", "{B612906C-62A9-47B0-8F00-1E89A90C084F}"
EndProject
Global
	GlobalSection(SolutionConfigurationPlatforms) = preSolution
		Debug|Any CPU = Debug|Any CPU
		Release|Any CPU = Release|Any CPU
	EndGlobalSection
	GlobalSection(ProjectConfigurationPlatforms) = postSolution
		{B612906C-62A9-47B0-8F00-1E89A90C084F}.Debug|Any CPU.ActiveCfg = Debug|Any CPU
		{B612906C-62A9-47B0-8F00-1E89A90C084F}.Debug|Any CPU.Build.0 = Debug|Any CPU
		{B612906C-62A9-47B0-8F00-1E89A90C084F}.Release|Any CPU.ActiveCfg = Release|Any CPU
		{B612906C-62A9-47B0-8F00-1E89A90C084F}.Release|Any CPU.Build.0 = Release|Any CPU
	EndGlobalSection
	GlobalSection(SolutionProperties) = preSolution
		HideSolutionNode = FALSE
	EndGlobalSection
	GlobalSection(ExtensibilityGlobals) = postSolution
		SolutionGuid = {BEE6DFDC-F6A2-48D3-8E80-BE51A22A1B2A}
	EndGlobalSection
EndGlobal
